Microsoft Visual Studio Solution File, Format Version 12.00
# Visual Studio Version 17
VisualStudioVersion = 17.5.2.0
MinimumVisualStudioVersion = 10.0.40219.1
Project("{FAE04EC0-301F-11D3-BF4B-00C04F79EFBC}") = "DiagnosticoMedicoApi", "DiagnosticoMedicoApi\DiagnosticoMedicoApi.csproj", "{A7279ADD-E52D-04BF-273D-EA28C1E0BEBA}"
EndProject
Global
	GlobalSection(SolutionConfigurationPlatforms) = preSolution
		Debug|Any CPU = Debug|Any CPU
		Release|Any CPU = Release|Any CPU
	EndGlobalSection
	GlobalSection(ProjectConfigurationPlatforms) = postSolution
		{A7279ADD-E52D-04BF-273D-EA28C1E0BEBA}.Debug|Any CPU.ActiveCfg = Debug|Any CPU
		{A7279ADD-E52D-04BF-273D-EA28C1E0BEBA}.Debug|Any CPU.Build.0 = Debug|Any CPU
		{A7279ADD-E52D-04BF-273D-EA28C1E0BEBA}.Release|Any CPU.ActiveCfg = Release|Any CPU
		{A7279ADD-E52D-04BF-273D-EA28C1E0BEBA}.Release|Any CPU.Build.0 = Release|Any CPU
	EndGlobalSection
	GlobalSection(SolutionProperties) = preSolution
		HideSolutionNode = FALSE
	EndGlobalSection
	GlobalSection(ExtensibilityGlobals) = postSolution
		SolutionGuid = {25FEDF7A-0C5D-419B-9A3E-B5E367306910}
	EndGlobalSection
EndGlobal
